
Microsoft Visual Studio Solution File, Format Version 12.00
# Visual Studio 15
Project("{FAE04EC0-301F-11D3-BF4B-00C04F79EFBC}") = "Unity.Timeline", "Unity.Timeline.csproj", "{E683E4EC-4C1D-3EC9-40FD-5AFC09442389}"
EndProject
Project("{FAE04EC0-301F-11D3-BF4B-00C04F79EFBC}") = "Unity.RenderPipelines.GPUDriven.Runtime", "Unity.RenderPipelines.GPUDriven.Runtime.csproj", "{6A882BB5-900E-0139-A61D-999F71801B7A}"
EndProject
Project("{FAE04EC0-301F-11D3-BF4B-00C04F79EFBC}") = "Unity.PlasticSCM.Editor", "Unity.PlasticSCM.Editor.csproj", "{201210CC-2F01-365C-C59E-3AFC4DB60F2B}"
EndProject
Project("{FAE04EC0-301F-11D3-BF4B-00C04F79EFBC}") = "Unity.ShaderGraph.Editor", "Unity.ShaderGraph.Editor.csproj", "{67FF1C6A-43D7-8384-8694-D4E336F4D5E5}"
EndProject
Project("{FAE04EC0-301F-11D3-BF4B-00C04F79EFBC}") = "Unity.ProBuilder", "Unity.ProBuilder.csproj", "{1C3763CA-6515-582B-2EFB-5F6B32207DAD}"
EndProject
Project("{FAE04EC0-301F-11D3-BF4B-00C04F79EFBC}") = "Unity.RenderPipelines.Core.Runtime", "Unity.RenderPipelines.Core.Runtime.csproj", "{955DD535-19A5-5546-EC9B-E84E2FC5DFD2}"
EndProject
Project("{FAE04EC0-301F-11D3-BF4B-00C04F79EFBC}") = "Unity.Mathematics", "Unity.Mathematics.csproj", "{0E3A0184-6343-AD9C-AF9F-DB1E734F65BC}"
EndProject
Project("{FAE04EC0-301F-11D3-BF4B-00C04F79EFBC}") = "Unity.Timeline.Editor", "Unity.Timeline.Editor.csproj", "{BF509948-CDA4-7ED6-2C94-B548806D6400}"
EndProject
Project("{FAE04EC0-301F-11D3-BF4B-00C04F79EFBC}") = "Unity.Cinemachine.Editor", "Unity.Cinemachine.Editor.csproj", "{8F169D7B-EA8C-7933-63A4-33083ACBBF9B}"
EndProject
Project("{FAE04EC0-301F-11D3-BF4B-00C04F79EFBC}") = "Unity.Multiplayer.Center.Editor", "Unity.Multiplayer.Center.Editor.csproj", "{3C3C8EFB-E0F7-732C-5BE3-73FB88AE62A9}"
EndProject
Project("{FAE04EC0-301F-11D3-BF4B-00C04F79EFBC}") = "Unity.RenderPipelines.Core.Editor", "Unity.RenderPipelines.Core.Editor.csproj", "{EB80AE43-6582-C5A7-0D4D-B1238C9C877E}"
EndProject
Project("{FAE04EC0-301F-11D3-BF4B-00C04F79EFBC}") = "UnityEngine.UI", "UnityEngine.UI.csproj", "{A86ABA3E-61DC-A502-9F29-B714A490E23F}"
EndProject
Project("{FAE04EC0-301F-11D3-BF4B-00C04F79EFBC}") = "Unity.RenderPipelines.Universal.2D.Runtime", "Unity.RenderPipelines.Universal.2D.Runtime.csproj", "{936B42A8-0AAA-404A-0B93-D18F2926DCED}"
EndProject
Project("{FAE04EC0-301F-11D3-BF4B-00C04F79EFBC}") = "Unity.Collections", "Unity.Collections.csproj", "{8AA64B20-7962-9FA7-C17E-CE46DC8622C9}"
EndProject
Project("{FAE04EC0-301F-11D3-BF4B-00C04F79EFBC}") = "Unity.ProBuilder.Poly2Tri", "Unity.ProBuilder.Poly2Tri.csproj", "{C729D8A3-C89E-24B0-082A-3840DA78E25B}"
EndProject
Project("{FAE04EC0-301F-11D3-BF4B-00C04F79EFBC}") = "Unity.VisualScripting.Core.Editor", "Unity.VisualScripting.Core.Editor.csproj", "{A4A71865-AC05-9536-80ED-C796BFE2C301}"
EndProject
Project("{FAE04EC0-301F-11D3-BF4B-00C04F79EFBC}") = "Unity.RenderPipelines.Universal.Editor", "Unity.RenderPipelines.Universal.Editor.csproj", "{3096BE5D-FBB8-58EF-AEBE-5B5AE96FB75A}"
EndProject
Project("{FAE04EC0-301F-11D3-BF4B-00C04F79EFBC}") = "Unity.PerformanceTesting.Editor", "Unity.PerformanceTesting.Editor.csproj", "{F698320A-3479-3A09-1100-C96FE9BCF729}"
EndProject
Project("{FAE04EC0-301F-11D3-BF4B-00C04F79EFBC}") = "Unity.Splines", "Unity.Splines.csproj", "{3EC154ED-8671-471C-7937-0DEA3CBEEA61}"
EndProject
Project("{FAE04EC0-301F-11D3-BF4B-00C04F79EFBC}") = "UnityEngine.TestRunner", "UnityEngine.TestRunner.csproj", "{16762010-CA7F-707E-FEA1-6346EE6F5674}"
EndProject
Project("{FAE04EC0-301F-11D3-BF4B-00C04F79EFBC}") = "Unity.Burst", "Unity.Burst.csproj", "{4A8F28EB-5C78-FC75-F8B6-6416297AC0C5}"
EndProject
Project("{FAE04EC0-301F-11D3-BF4B-00C04F79EFBC}") = "Unity.VisualScripting.Flow.Editor", "Unity.VisualScripting.Flow.Editor.csproj", "{9536E6F1-6FF2-8CB4-77F5-2E1A2D148D0B}"
EndProject
Project("{FAE04EC0-301F-11D3-BF4B-00C04F79EFBC}") = "Unity.ProBuilder.Csg", "Unity.ProBuilder.Csg.csproj", "{459538D5-53C5-43A2-157D-FF18F5E50F3D}"
EndProject
Project("{FAE04EC0-301F-11D3-BF4B-00C04F79EFBC}") = "Unity.VisualStudio.Editor", "Unity.VisualStudio.Editor.csproj", "{EBE66345-4ED1-E08F-3D65-27B23FC4811B}"
EndProject
Project("{FAE04EC0-301F-11D3-BF4B-00C04F79EFBC}") = "Unity.InputSystem", "Unity.InputSystem.csproj", "{0309EE8E-D7F4-A21D-CCB6-8AF48DC851C4}"
EndProject
Project("{FAE04EC0-301F-11D3-BF4B-00C04F79EFBC}") = "PPv2URPConverters", "PPv2URPConverters.csproj", "{D7E19BFE-85A2-5CD5-AB03-CF88262AC405}"
EndProject
Project("{FAE04EC0-301F-11D3-BF4B-00C04F79EFBC}") = "Unity.Searcher.Editor", "Unity.Searcher.Editor.csproj", "{A67B4179-FAD6-9DC1-8DCF-D66A41633728}"
EndProject
Project("{FAE04EC0-301F-11D3-BF4B-00C04F79EFBC}") = "Unity.ProBuilder.Editor", "Unity.ProBuilder.Editor.csproj", "{90608D9D-2A7C-DE49-F942-7B7E7F16A9D3}"
EndProject
Project("{FAE04EC0-301F-11D3-BF4B-00C04F79EFBC}") = "UnityEditor.TestRunner", "UnityEditor.TestRunner.csproj", "{6F70F1D2-EB04-15F0-5159-8058AC00F079}"
EndProject
Project("{FAE04EC0-301F-11D3-BF4B-00C04F79EFBC}") = "Unity.VisualScripting.Core", "Unity.VisualScripting.Core.csproj", "{386023C2-FB5D-114D-5DE0-BACE7083A13F}"
EndProject
Project("{FAE04EC0-301F-11D3-BF4B-00C04F79EFBC}") = "Unity.RenderPipelines.Universal.Runtime", "Unity.RenderPipelines.Universal.Runtime.csproj", "{C863404E-EC0D-445F-BB33-AA69E2EA2B7E}"
EndProject
Project("{FAE04EC0-301F-11D3-BF4B-00C04F79EFBC}") = "Unity.UnifiedRayTracing.Runtime", "Unity.UnifiedRayTracing.Runtime.csproj", "{5DCB2371-2FF4-FD7A-981E-7C18886FFFC8}"
EndProject
Project("{FAE04EC0-301F-11D3-BF4B-00C04F79EFBC}") = "Unity.AI.Navigation.Editor.ConversionSystem", "Unity.AI.Navigation.Editor.ConversionSystem.csproj", "{0FA53D36-1889-5C10-2445-3C5210BE01D0}"
EndProject
Project("{FAE04EC0-301F-11D3-BF4B-00C04F79EFBC}") = "Unity.VisualScripting.State.Editor", "Unity.VisualScripting.State.Editor.csproj", "{7E8D4E57-84C1-99AF-FFA6-949E25C6D24E}"
EndProject
Project("{FAE04EC0-301F-11D3-BF4B-00C04F79EFBC}") = "Unity.Burst.CodeGen", "Unity.Burst.CodeGen.csproj", "{5321C972-2497-EC9C-B910-C139B3D68870}"
EndProject
Project("{FAE04EC0-301F-11D3-BF4B-00C04F79EFBC}") = "Unity.Cinemachine", "Unity.Cinemachine.csproj", "{E825ACA0-EB3B-1E11-368E-CC25D35356C0}"
EndProject
Project("{FAE04EC0-301F-11D3-BF4B-00C04F79EFBC}") = "Unity.VisualScripting.Flow", "Unity.VisualScripting.Flow.csproj", "{96DD56A9-92D8-9E29-AA8D-18DA38C68747}"
EndProject
Project("{FAE04EC0-301F-11D3-BF4B-00C04F79EFBC}") = "Unity.Splines.Editor", "Unity.Splines.Editor.csproj", "{CDAAEC96-7489-97D2-BA1E-E6B34BAB730D}"
EndProject
Project("{FAE04EC0-301F-11D3-BF4B-00C04F79EFBC}") = "Unity.PerformanceTesting", "Unity.PerformanceTesting.csproj", "{855C4ECA-6E66-B2D2-17B9-50D7FE612E0B}"
EndProject
Project("{FAE04EC0-301F-11D3-BF4B-00C04F79EFBC}") = "Unity.TextMeshPro", "Unity.TextMeshPro.csproj", "{9D634A56-C764-E399-3C01-821EB8018077}"
EndProject
Project("{FAE04EC0-301F-11D3-BF4B-00C04F79EFBC}") = "Unity.TextMeshPro.Editor", "Unity.TextMeshPro.Editor.csproj", "{94F5C507-F432-7B71-9758-336669336079}"
EndProject
Project("{FAE04EC0-301F-11D3-BF4B-00C04F79EFBC}") = "Unity.Burst.Editor", "Unity.Burst.Editor.csproj", "{E5938862-4C72-7418-6098-1EC47220F6F2}"
EndProject
Project("{FAE04EC0-301F-11D3-BF4B-00C04F79EFBC}") = "Unity.Rider.Editor", "Unity.Rider.Editor.csproj", "{3BF9DB47-2DA6-5F12-513D-BD83B4764956}"
EndProject
Project("{FAE04EC0-301F-11D3-BF4B-00C04F79EFBC}") = "Unity.VisualScripting.State", "Unity.VisualScripting.State.csproj", "{A7A07D95-C72A-93CB-4498-962524A59065}"
EndProject
Project("{FAE04EC0-301F-11D3-BF4B-00C04F79EFBC}") = "Unity.AI.Navigation.Updater", "Unity.AI.Navigation.Updater.csproj", "{1AE74FF9-3AFF-3FEE-A41B-7CD3A0F8E8B3}"
EndProject
Project("{FAE04EC0-301F-11D3-BF4B-00C04F79EFBC}") = "UnityEditor.UI", "UnityEditor.UI.csproj", "{23ECA631-38AD-F35F-620A-9E13DCB98EE6}"
EndProject
Project("{FAE04EC0-301F-11D3-BF4B-00C04F79EFBC}") = "Unity.RenderPipelines.Universal.2D.Editor.Overrides", "Unity.RenderPipelines.Universal.2D.Editor.Overrides.csproj", "{0472B2A9-1263-148D-467D-43223EE78E62}"
EndProject
Project("{FAE04EC0-301F-11D3-BF4B-00C04F79EFBC}") = "Unity.AI.Navigation.Editor", "Unity.AI.Navigation.Editor.csproj", "{551CCC7A-2C60-8E38-708F-D79D9E03EF97}"
EndProject
Project("{FAE04EC0-301F-11D3-BF4B-00C04F79EFBC}") = "Unity.Multiplayer.Center.Common", "Unity.Multiplayer.Center.Common.csproj", "{548DF941-6138-3332-E4BF-03E9B97AEB25}"
EndProject
Project("{FAE04EC0-301F-11D3-BF4B-00C04F79EFBC}") = "Unity.ProBuilder.KdTree", "Unity.ProBuilder.KdTree.csproj", "{FC033057-2A1F-0B40-866C-CE0BF2BE497B}"
EndProject
Project("{FAE04EC0-301F-11D3-BF4B-00C04F79EFBC}") = "Unity.ProBuilder.AddOns.Editor", "Unity.ProBuilder.AddOns.Editor.csproj", "{C1E11E20-C656-7341-3C67-797182DBEB15}"
EndProject
Project("{FAE04EC0-301F-11D3-BF4B-00C04F79EFBC}") = "Unity.InputSystem.ForUI", "Unity.InputSystem.ForUI.csproj", "{6FF9C77B-5501-D9FE-3975-B00ED07D9DA7}"
EndProject
Project("{FAE04EC0-301F-11D3-BF4B-00C04F79EFBC}") = "Unity.AI.Navigation", "Unity.AI.Navigation.csproj", "{09D8D874-8C8D-5FF6-1C37-E850AAFE6925}"
EndProject
Project("{FAE04EC0-301F-11D3-BF4B-00C04F79EFBC}") = "Unity.Collections.CodeGen", "Unity.Collections.CodeGen.csproj", "{B009DBFC-D986-E3B3-61D0-988F5CDD90D1}"
EndProject
Project("{FAE04EC0-301F-11D3-BF4B-00C04F79EFBC}") = "Unity.Mathematics.Editor", "Unity.Mathematics.Editor.csproj", "{6D2EC696-EA14-91F7-995A-A8E11AC81802}"
EndProject
Project("{FAE04EC0-301F-11D3-BF4B-00C04F79EFBC}") = "Unity.VisualScripting.SettingsProvider.Editor", "Unity.VisualScripting.SettingsProvider.Editor.csproj", "{DD71FADB-5371-CE8E-E8B4-2020B23EF223}"
EndProject
Project("{FAE04EC0-301F-11D3-BF4B-00C04F79EFBC}") = "UnityEditor.UI.Analytics", "UnityEditor.UI.Analytics.csproj", "{457F98E9-C24E-DC88-A5E9-2B0098DC77D7}"
EndProject
Project("{FAE04EC0-301F-11D3-BF4B-00C04F79EFBC}") = "Assembly-CSharp-Editor", "Assembly-CSharp-Editor.csproj", "{4EB7D199-E861-0EFF-4F4A-E97DDBBAE5BC}"
EndProject
Project("{FAE04EC0-301F-11D3-BF4B-00C04F79EFBC}") = "Unity.ProBuilder.AssetIdRemapUtility", "Unity.ProBuilder.AssetIdRemapUtility.csproj", "{91AB2FDB-682D-07AD-AA1A-DC935A4F699D}"
EndProject
Project("{FAE04EC0-301F-11D3-BF4B-00C04F79EFBC}") = "Unity.Settings.Editor", "Unity.Settings.Editor.csproj", "{369BFB66-E678-214E-92DE-68269F63D21A}"
EndProject
Project("{FAE04EC0-301F-11D3-BF4B-00C04F79EFBC}") = "Unity.InputSystem.TestFramework", "Unity.InputSystem.TestFramework.csproj", "{1A5E37BC-6429-9388-7D4D-7D51D1AA642D}"
EndProject
Project("{FAE04EC0-301F-11D3-BF4B-00C04F79EFBC}") = "Unity.ShaderGraph.Utilities", "Unity.ShaderGraph.Utilities.csproj", "{FE58544D-3835-339D-CDF3-DAD6DD15CEC6}"
EndProject
Project("{FAE04EC0-301F-11D3-BF4B-00C04F79EFBC}") = "Unity.VisualScripting.Shared.Editor", "Unity.VisualScripting.Shared.Editor.csproj", "{17971644-DDF9-09EC-0951-CE728C52E256}"
EndProject
Project("{FAE04EC0-301F-11D3-BF4B-00C04F79EFBC}") = "Assembly-CSharp", "Assembly-CSharp.csproj", "{2D49ADC9-A380-E2B9-9730-A9872D82106F}"
EndProject
Project("{FAE04EC0-301F-11D3-BF4B-00C04F79EFBC}") = "Unity.CollabProxy.Editor", "Unity.CollabProxy.Editor.csproj", "{C8DC0FB5-A0C7-B1E1-AE2C-90FE816A99D0}"
EndProject
Project("{FAE04EC0-301F-11D3-BF4B-00C04F79EFBC}") = "Unity.RenderPipeline.Universal.ShaderLibrary", "Unity.RenderPipeline.Universal.ShaderLibrary.csproj", "{9DFCA6EA-2552-4C25-C8EC-F8D5E8279686}"
EndProject
Project("{FAE04EC0-301F-11D3-BF4B-00C04F79EFBC}") = "Unity.InputSystem.DocCodeSamples", "Unity.InputSystem.DocCodeSamples.csproj", "{1B1E7EC6-B99F-DD73-D4C9-78578723E33D}"
EndProject
Project("{FAE04EC0-301F-11D3-BF4B-00C04F79EFBC}") = "Unity.RenderPipelines.Universal.Shaders", "Unity.RenderPipelines.Universal.Shaders.csproj", "{A339D373-9AAC-B69C-5703-56F0F1F18733}"
EndProject
Project("{FAE04EC0-301F-11D3-BF4B-00C04F79EFBC}") = "Unity.RenderPipelines.Core.Runtime.Shared", "Unity.RenderPipelines.Core.Runtime.Shared.csproj", "{659042CE-CD2C-6C69-C66B-8BB97AE75904}"
EndProject
Project("{FAE04EC0-301F-11D3-BF4B-00C04F79EFBC}") = "Unity.InternalAPIEngineBridge.004", "Unity.InternalAPIEngineBridge.004.csproj", "{11135440-B86E-11D9-BF77-259CD780A82C}"
EndProject
Project("{FAE04EC0-301F-11D3-BF4B-00C04F79EFBC}") = "Unity.ProBuilder.Stl", "Unity.ProBuilder.Stl.csproj", "{810CFF1E-FB4B-72E5-6664-B65A9C9F235A}"
EndProject
Project("{FAE04EC0-301F-11D3-BF4B-00C04F79EFBC}") = "Unity.RenderPipelines.Core.Editor.Shared", "Unity.RenderPipelines.Core.Editor.Shared.csproj", "{09FD1CC2-E938-AE98-5C04-22CCA54184C6}"
EndProject
Project("{FAE04EC0-301F-11D3-BF4B-00C04F79EFBC}") = "Unity.VisualScripting.DocCodeExamples", "Unity.VisualScripting.DocCodeExamples.csproj", "{F76D3A55-6732-E907-34D8-70632EB85F5D}"
EndProject
Project("{FAE04EC0-301F-11D3-BF4B-00C04F79EFBC}") = "Unity.PlasticSCM.Editor.Entities", "Unity.PlasticSCM.Editor.Entities.csproj", "{BFCB36BD-D7DE-1162-F4C6-D54011F0BA82}"
EndProject
Project("{FAE04EC0-301F-11D3-BF4B-00C04F79EFBC}") = "Unity.Rendering.LightTransport.Editor", "Unity.Rendering.LightTransport.Editor.csproj", "{4B4DA8E8-1D9C-87F4-CE44-49CAF3DBB250}"
EndProject
Project("{FAE04EC0-301F-11D3-BF4B-00C04F79EFBC}") = "Unity.Collections.Editor", "Unity.Collections.Editor.csproj", "{C041630E-0E7D-EA97-5D05-62A0070399FD}"
EndProject
Project("{FAE04EC0-301F-11D3-BF4B-00C04F79EFBC}") = "Unity.RenderPipelines.Universal.Config.Runtime", "Unity.RenderPipelines.Universal.Config.Runtime.csproj", "{00F937E6-36E7-A8E5-87AE-DA6A828D332F}"
EndProject
Project("{FAE04EC0-301F-11D3-BF4B-00C04F79EFBC}") = "Unity.RenderPipelines.ShaderGraph.ShaderGraphLibrary", "Unity.RenderPipelines.ShaderGraph.ShaderGraphLibrary.csproj", "{425AC49F-9498-6A1A-A27E-EC0B57740762}"
EndProject
Project("{FAE04EC0-301F-11D3-BF4B-00C04F79EFBC}") = "Unity.RenderPipelines.Core.ShaderLibrary", "Unity.RenderPipelines.Core.ShaderLibrary.csproj", "{8DCE11C7-3FD2-1199-BCDB-298C3D27605E}"
EndProject
Project("{FAE04EC0-301F-11D3-BF4B-00C04F79EFBC}") = "Unity.Timeline", "Unity.Timeline.Player.csproj", "{1811FCEF-4135-91BE-879C-8003E056BF9F}"
EndProject
Project("{FAE04EC0-301F-11D3-BF4B-00C04F79EFBC}") = "Unity.RenderPipelines.GPUDriven.Runtime", "Unity.RenderPipelines.GPUDriven.Runtime.Player.csproj", "{135487AC-F7AD-4B45-0439-B45A74A83A28}"
EndProject
Project("{FAE04EC0-301F-11D3-BF4B-00C04F79EFBC}") = "Unity.ProBuilder", "Unity.ProBuilder.Player.csproj", "{AE9B714C-ABAD-E809-0D28-A99A2B3D017F}"
EndProject
Project("{FAE04EC0-301F-11D3-BF4B-00C04F79EFBC}") = "Unity.RenderPipelines.Core.Runtime", "Unity.RenderPipelines.Core.Runtime.Player.csproj", "{4E1D3329-71E9-86AE-8C96-8B7A193CC5CB}"
EndProject
Project("{FAE04EC0-301F-11D3-BF4B-00C04F79EFBC}") = "Unity.Mathematics", "Unity.Mathematics.Player.csproj", "{3C1A5BDE-FCFE-48E9-BA3E-252B2A3DBA72}"
EndProject
Project("{FAE04EC0-301F-11D3-BF4B-00C04F79EFBC}") = "UnityEngine.UI", "UnityEngine.UI.Player.csproj", "{6AE84676-22D3-5788-7285-5030D0153FE7}"
EndProject
Project("{FAE04EC0-301F-11D3-BF4B-00C04F79EFBC}") = "Unity.RenderPipelines.Universal.2D.Runtime", "Unity.RenderPipelines.Universal.2D.Runtime.Player.csproj", "{C08AE15B-DDC8-24EC-E3A1-9CECF2362C44}"
EndProject
Project("{FAE04EC0-301F-11D3-BF4B-00C04F79EFBC}") = "Unity.Collections", "Unity.Collections.Player.csproj", "{902D6208-FA9D-27B9-CEA3-1B04B3A76F34}"
EndProject
Project("{FAE04EC0-301F-11D3-BF4B-00C04F79EFBC}") = "Unity.ProBuilder.Poly2Tri", "Unity.ProBuilder.Poly2Tri.Player.csproj", "{FA2CBFF8-7223-ECB1-8F94-471F05B4D76D}"
EndProject
Project("{FAE04EC0-301F-11D3-BF4B-00C04F79EFBC}") = "Unity.Splines", "Unity.Splines.Player.csproj", "{4151B195-513A-04BB-75E2-4749820CF022}"
EndProject
Project("{FAE04EC0-301F-11D3-BF4B-00C04F79EFBC}") = "UnityEngine.TestRunner", "UnityEngine.TestRunner.Player.csproj", "{8E6CE0D6-0874-33CC-2EA2-DCF3286BBB68}"
EndProject
Project("{FAE04EC0-301F-11D3-BF4B-00C04F79EFBC}") = "Unity.Burst", "Unity.Burst.Player.csproj", "{B56F4C44-5B1F-5C27-5C2C-121A05333888}"
EndProject
Project("{FAE04EC0-301F-11D3-BF4B-00C04F79EFBC}") = "Unity.ProBuilder.Csg", "Unity.ProBuilder.Csg.Player.csproj", "{382CE916-2256-2B42-B8CF-ED322A409150}"
EndProject
Project("{FAE04EC0-301F-11D3-BF4B-00C04F79EFBC}") = "Unity.InputSystem", "Unity.InputSystem.Player.csproj", "{C87BB4C5-1DD4-8CAA-8BAE-0389AD45A221}"
EndProject
Project("{FAE04EC0-301F-11D3-BF4B-00C04F79EFBC}") = "Unity.VisualScripting.Core", "Unity.VisualScripting.Core.Player.csproj", "{D310349B-D6E2-A8D1-5003-BD73B7561361}"
EndProject
Project("{FAE04EC0-301F-11D3-BF4B-00C04F79EFBC}") = "Unity.RenderPipelines.Universal.Runtime", "Unity.RenderPipelines.Universal.Runtime.Player.csproj", "{2DE71090-87F5-9E80-C100-5ED094747C6A}"
EndProject
Project("{FAE04EC0-301F-11D3-BF4B-00C04F79EFBC}") = "Unity.UnifiedRayTracing.Runtime", "Unity.UnifiedRayTracing.Runtime.Player.csproj", "{8C6C7F80-D344-68B2-E144-2E7F2F7B72B4}"
EndProject
Project("{FAE04EC0-301F-11D3-BF4B-00C04F79EFBC}") = "Unity.Cinemachine", "Unity.Cinemachine.Player.csproj", "{B763FF79-2323-CC9D-4118-193C6560F5A8}"
EndProject
Project("{FAE04EC0-301F-11D3-BF4B-00C04F79EFBC}") = "Unity.VisualScripting.Flow", "Unity.VisualScripting.Flow.Player.csproj", "{1D581E71-A01D-C83D-13D5-24AEA2DD93F3}"
EndProject
Project("{FAE04EC0-301F-11D3-BF4B-00C04F79EFBC}") = "Unity.PerformanceTesting", "Unity.PerformanceTesting.Player.csproj", "{E5ED20B9-B246-E10F-249E-B174D040D2B6}"
EndProject
Project("{FAE04EC0-301F-11D3-BF4B-00C04F79EFBC}") = "Unity.TextMeshPro", "Unity.TextMeshPro.Player.csproj", "{5ECF7E9B-0A40-416E-1DA5-D613C0AD3E13}"
EndProject
Project("{FAE04EC0-301F-11D3-BF4B-00C04F79EFBC}") = "Unity.VisualScripting.State", "Unity.VisualScripting.State.Player.csproj", "{82722D4D-2514-AE36-FD22-A55174856C27}"
EndProject
Project("{FAE04EC0-301F-11D3-BF4B-00C04F79EFBC}") = "Unity.Multiplayer.Center.Common", "Unity.Multiplayer.Center.Common.Player.csproj", "{4EEC2FF8-8F52-FE60-C212-34A35FBD5633}"
EndProject
Project("{FAE04EC0-301F-11D3-BF4B-00C04F79EFBC}") = "Unity.ProBuilder.KdTree", "Unity.ProBuilder.KdTree.Player.csproj", "{F69E70AF-816B-2EE6-0D42-85B37212892D}"
EndProject
Project("{FAE04EC0-301F-11D3-BF4B-00C04F79EFBC}") = "Unity.InputSystem.ForUI", "Unity.InputSystem.ForUI.Player.csproj", "{8D5A2044-7371-6E5E-9FAA-9CE21CFD6246}"
EndProject
Project("{FAE04EC0-301F-11D3-BF4B-00C04F79EFBC}") = "Unity.AI.Navigation", "Unity.AI.Navigation.Player.csproj", "{46806997-161C-CA3A-15CA-03FB16A19C9B}"
EndProject
Project("{FAE04EC0-301F-11D3-BF4B-00C04F79EFBC}") = "Unity.InputSystem.TestFramework", "Unity.InputSystem.TestFramework.Player.csproj", "{494DA586-625F-5EDD-764D-7B1B6CF0550F}"
EndProject
Project("{FAE04EC0-301F-11D3-BF4B-00C04F79EFBC}") = "Assembly-CSharp", "Assembly-CSharp.Player.csproj", "{AE3C0B43-0173-ED70-F2A2-A97040BD965F}"
EndProject
Project("{FAE04EC0-301F-11D3-BF4B-00C04F79EFBC}") = "Unity.RenderPipeline.Universal.ShaderLibrary", "Unity.RenderPipeline.Universal.ShaderLibrary.Player.csproj", "{D25A1CAA-E3EF-C05D-79A0-3A2F2F0F3720}"
EndProject
Project("{FAE04EC0-301F-11D3-BF4B-00C04F79EFBC}") = "Unity.RenderPipelines.Universal.Shaders", "Unity.RenderPipelines.Universal.Shaders.Player.csproj", "{00917F77-3A7D-2E81-CE2B-18BF67B2F34A}"
EndProject
Project("{FAE04EC0-301F-11D3-BF4B-00C04F79EFBC}") = "Unity.RenderPipelines.Core.Runtime.Shared", "Unity.RenderPipelines.Core.Runtime.Shared.Player.csproj", "{86B8BD34-F967-E2B6-4378-D98B9183F9BE}"
EndProject
Project("{FAE04EC0-301F-11D3-BF4B-00C04F79EFBC}") = "Unity.InternalAPIEngineBridge.004", "Unity.InternalAPIEngineBridge.004.Player.csproj", "{01C14DFE-1AB8-44F0-2FD2-0B7561B9BECA}"
EndProject
Project("{FAE04EC0-301F-11D3-BF4B-00C04F79EFBC}") = "Unity.ProBuilder.Stl", "Unity.ProBuilder.Stl.Player.csproj", "{14371E60-9EB3-2B31-73D3-8C5A50151FAC}"
EndProject
Project("{FAE04EC0-301F-11D3-BF4B-00C04F79EFBC}") = "Unity.VisualScripting.DocCodeExamples", "Unity.VisualScripting.DocCodeExamples.Player.csproj", "{235301E5-862F-C95B-AB10-7925068435CE}"
EndProject
Project("{FAE04EC0-301F-11D3-BF4B-00C04F79EFBC}") = "Unity.RenderPipelines.Universal.Config.Runtime", "Unity.RenderPipelines.Universal.Config.Runtime.Player.csproj", "{71B67656-7DA6-4DB4-0473-D300167B85B4}"
EndProject
Project("{FAE04EC0-301F-11D3-BF4B-00C04F79EFBC}") = "Unity.RenderPipelines.ShaderGraph.ShaderGraphLibrary", "Unity.RenderPipelines.ShaderGraph.ShaderGraphLibrary.Player.csproj", "{00420D81-E70A-816F-0086-191765177F77}"
EndProject
Project("{FAE04EC0-301F-11D3-BF4B-00C04F79EFBC}") = "Unity.RenderPipelines.Core.ShaderLibrary", "Unity.RenderPipelines.Core.ShaderLibrary.Player.csproj", "{FC2DD07F-DC31-BA39-EC11-4C18C4C042CA}"
EndProject
Global
	GlobalSection(SolutionConfigurationPlatforms) = preSolution
		Debug|Any CPU = Debug|Any CPU
		Release|Any CPU = Release|Any CPU
	EndGlobalSection
	GlobalSection(ProjectConfigurationPlatforms) = postSolution
		{E683E4EC-4C1D-3EC9-40FD-5AFC09442389}.Debug|Any CPU.ActiveCfg = Debug|Any CPU
		{E683E4EC-4C1D-3EC9-40FD-5AFC09442389}.Debug|Any CPU.Build.0 = Debug|Any CPU
		{E683E4EC-4C1D-3EC9-40FD-5AFC09442389}.Release|Any CPU.ActiveCfg = Release|Any CPU
		{E683E4EC-4C1D-3EC9-40FD-5AFC09442389}.Release|Any CPU.Build.0 = Release|Any CPU
		{6A882BB5-900E-0139-A61D-999F71801B7A}.Debug|Any CPU.ActiveCfg = Debug|Any CPU
		{6A882BB5-900E-0139-A61D-999F71801B7A}.Debug|Any CPU.Build.0 = Debug|Any CPU
		{6A882BB5-900E-0139-A61D-999F71801B7A}.Release|Any CPU.ActiveCfg = Release|Any CPU
		{6A882BB5-900E-0139-A61D-999F71801B7A}.Release|Any CPU.Build.0 = Release|Any CPU
		{201210CC-2F01-365C-C59E-3AFC4DB60F2B}.Debug|Any CPU.ActiveCfg = Debug|Any CPU
		{201210CC-2F01-365C-C59E-3AFC4DB60F2B}.Debug|Any CPU.Build.0 = Debug|Any CPU
		{201210CC-2F01-365C-C59E-3AFC4DB60F2B}.Release|Any CPU.ActiveCfg = Release|Any CPU
		{201210CC-2F01-365C-C59E-3AFC4DB60F2B}.Release|Any CPU.Build.0 = Release|Any CPU
		{67FF1C6A-43D7-8384-8694-D4E336F4D5E5}.Debug|Any CPU.ActiveCfg = Debug|Any CPU
		{67FF1C6A-43D7-8384-8694-D4E336F4D5E5}.Debug|Any CPU.Build.0 = Debug|Any CPU
		{67FF1C6A-43D7-8384-8694-D4E336F4D5E5}.Release|Any CPU.ActiveCfg = Release|Any CPU
		{67FF1C6A-43D7-8384-8694-D4E336F4D5E5}.Release|Any CPU.Build.0 = Release|Any CPU
		{1C3763CA-6515-582B-2EFB-5F6B32207DAD}.Debug|Any CPU.ActiveCfg = Debug|Any CPU
		{1C3763CA-6515-582B-2EFB-5F6B32207DAD}.Debug|Any CPU.Build.0 = Debug|Any CPU
		{1C3763CA-6515-582B-2EFB-5F6B32207DAD}.Release|Any CPU.ActiveCfg = Release|Any CPU
		{1C3763CA-6515-582B-2EFB-5F6B32207DAD}.Release|Any CPU.Build.0 = Release|Any CPU
		{955DD535-19A5-5546-EC9B-E84E2FC5DFD2}.Debug|Any CPU.ActiveCfg = Debug|Any CPU
		{955DD535-19A5-5546-EC9B-E84E2FC5DFD2}.Debug|Any CPU.Build.0 = Debug|Any CPU
		{955DD535-19A5-5546-EC9B-E84E2FC5DFD2}.Release|Any CPU.ActiveCfg = Release|Any CPU
		{955DD535-19A5-5546-EC9B-E84E2FC5DFD2}.Release|Any CPU.Build.0 = Release|Any CPU
		{0E3A0184-6343-AD9C-AF9F-DB1E734F65BC}.Debug|Any CPU.ActiveCfg = Debug|Any CPU
		{0E3A0184-6343-AD9C-AF9F-DB1E734F65BC}.Debug|Any CPU.Build.0 = Debug|Any CPU
		{0E3A0184-6343-AD9C-AF9F-DB1E734F65BC}.Release|Any CPU.ActiveCfg = Release|Any CPU
		{0E3A0184-6343-AD9C-AF9F-DB1E734F65BC}.Release|Any CPU.Build.0 = Release|Any CPU
		{BF509948-CDA4-7ED6-2C94-B548806D6400}.Debug|Any CPU.ActiveCfg = Debug|Any CPU
		{BF509948-CDA4-7ED6-2C94-B548806D6400}.Debug|Any CPU.Build.0 = Debug|Any CPU
		{BF509948-CDA4-7ED6-2C94-B548806D6400}.Release|Any CPU.ActiveCfg = Release|Any CPU
		{BF509948-CDA4-7ED6-2C94-B548806D6400}.Release|Any CPU.Build.0 = Release|Any CPU
		{8F169D7B-EA8C-7933-63A4-33083ACBBF9B}.Debug|Any CPU.ActiveCfg = Debug|Any CPU
		{8F169D7B-EA8C-7933-63A4-33083ACBBF9B}.Debug|Any CPU.Build.0 = Debug|Any CPU
		{8F169D7B-EA8C-7933-63A4-33083ACBBF9B}.Release|Any CPU.ActiveCfg = Release|Any CPU
		{8F169D7B-EA8C-7933-63A4-33083ACBBF9B}.Release|Any CPU.Build.0 = Release|Any CPU
		{3C3C8EFB-E0F7-732C-5BE3-73FB88AE62A9}.Debug|Any CPU.ActiveCfg = Debug|Any CPU
		{3C3C8EFB-E0F7-732C-5BE3-73FB88AE62A9}.Debug|Any CPU.Build.0 = Debug|Any CPU
		{3C3C8EFB-E0F7-732C-5BE3-73FB88AE62A9}.Release|Any CPU.ActiveCfg = Release|Any CPU
		{3C3C8EFB-E0F7-732C-5BE3-73FB88AE62A9}.Release|Any CPU.Build.0 = Release|Any CPU
		{EB80AE43-6582-C5A7-0D4D-B1238C9C877E}.Debug|Any CPU.ActiveCfg = Debug|Any CPU
		{EB80AE43-6582-C5A7-0D4D-B1238C9C877E}.Debug|Any CPU.Build.0 = Debug|Any CPU
		{EB80AE43-6582-C5A7-0D4D-B1238C9C877E}.Release|Any CPU.ActiveCfg = Release|Any CPU
		{EB80AE43-6582-C5A7-0D4D-B1238C9C877E}.Release|Any CPU.Build.0 = Release|Any CPU
		{A86ABA3E-61DC-A502-9F29-B714A490E23F}.Debug|Any CPU.ActiveCfg = Debug|Any CPU
		{A86ABA3E-61DC-A502-9F29-B714A490E23F}.Debug|Any CPU.Build.0 = Debug|Any CPU
		{A86ABA3E-61DC-A502-9F29-B714A490E23F}.Release|Any CPU.ActiveCfg = Release|Any CPU
		{A86ABA3E-61DC-A502-9F29-B714A490E23F}.Release|Any CPU.Build.0 = Release|Any CPU
		{936B42A8-0AAA-404A-0B93-D18F2926DCED}.Debug|Any CPU.ActiveCfg = Debug|Any CPU
		{936B42A8-0AAA-404A-0B93-D18F2926DCED}.Debug|Any CPU.Build.0 = Debug|Any CPU
		{936B42A8-0AAA-404A-0B93-D18F2926DCED}.Release|Any CPU.ActiveCfg = Release|Any CPU
		{936B42A8-0AAA-404A-0B93-D18F2926DCED}.Release|Any CPU.Build.0 = Release|Any CPU
		{8AA64B20-7962-9FA7-C17E-CE46DC8622C9}.Debug|Any CPU.ActiveCfg = Debug|Any CPU
		{8AA64B20-7962-9FA7-C17E-CE46DC8622C9}.Debug|Any CPU.Build.0 = Debug|Any CPU
		{8AA64B20-7962-9FA7-C17E-CE46DC8622C9}.Release|Any CPU.ActiveCfg = Release|Any CPU
		{8AA64B20-7962-9FA7-C17E-CE46DC8622C9}.Release|Any CPU.Build.0 = Release|Any CPU
		{C729D8A3-C89E-24B0-082A-3840DA78E25B}.Debug|Any CPU.ActiveCfg = Debug|Any CPU
		{C729D8A3-C89E-24B0-082A-3840DA78E25B}.Debug|Any CPU.Build.0 = Debug|Any CPU
		{C729D8A3-C89E-24B0-082A-3840DA78E25B}.Release|Any CPU.ActiveCfg = Release|Any CPU
		{C729D8A3-C89E-24B0-082A-3840DA78E25B}.Release|Any CPU.Build.0 = Release|Any CPU
		{A4A71865-AC05-9536-80ED-C796BFE2C301}.Debug|Any CPU.ActiveCfg = Debug|Any CPU
		{A4A71865-AC05-9536-80ED-C796BFE2C301}.Debug|Any CPU.Build.0 = Debug|Any CPU
		{A4A71865-AC05-9536-80ED-C796BFE2C301}.Release|Any CPU.ActiveCfg = Release|Any CPU
		{A4A71865-AC05-9536-80ED-C796BFE2C301}.Release|Any CPU.Build.0 = Release|Any CPU
		{3096BE5D-FBB8-58EF-AEBE-5B5AE96FB75A}.Debug|Any CPU.ActiveCfg = Debug|Any CPU
		{3096BE5D-FBB8-58EF-AEBE-5B5AE96FB75A}.Debug|Any CPU.Build.0 = Debug|Any CPU
		{3096BE5D-FBB8-58EF-AEBE-5B5AE96FB75A}.Release|Any CPU.ActiveCfg = Release|Any CPU
		{3096BE5D-FBB8-58EF-AEBE-5B5AE96FB75A}.Release|Any CPU.Build.0 = Release|Any CPU
		{F698320A-3479-3A09-1100-C96FE9BCF729}.Debug|Any CPU.ActiveCfg = Debug|Any CPU
		{F698320A-3479-3A09-1100-C96FE9BCF729}.Debug|Any CPU.Build.0 = Debug|Any CPU
		{F698320A-3479-3A09-1100-C96FE9BCF729}.Release|Any CPU.ActiveCfg = Release|Any CPU
		{F698320A-3479-3A09-1100-C96FE9BCF729}.Release|Any CPU.Build.0 = Release|Any CPU
		{3EC154ED-8671-471C-7937-0DEA3CBEEA61}.Debug|Any CPU.ActiveCfg = Debug|Any CPU
		{3EC154ED-8671-471C-7937-0DEA3CBEEA61}.Debug|Any CPU.Build.0 = Debug|Any CPU
		{3EC154ED-8671-471C-7937-0DEA3CBEEA61}.Release|Any CPU.ActiveCfg = Release|Any CPU
		{3EC154ED-8671-471C-7937-0DEA3CBEEA61}.Release|Any CPU.Build.0 = Release|Any CPU
		{16762010-CA7F-707E-FEA1-6346EE6F5674}.Debug|Any CPU.ActiveCfg = Debug|Any CPU
		{16762010-CA7F-707E-FEA1-6346EE6F5674}.Debug|Any CPU.Build.0 = Debug|Any CPU
		{16762010-CA7F-707E-FEA1-6346EE6F5674}.Release|Any CPU.ActiveCfg = Release|Any CPU
		{16762010-CA7F-707E-FEA1-6346EE6F5674}.Release|Any CPU.Build.0 = Release|Any CPU
		{4A8F28EB-5C78-FC75-F8B6-6416297AC0C5}.Debug|Any CPU.ActiveCfg = Debug|Any CPU
		{4A8F28EB-5C78-FC75-F8B6-6416297AC0C5}.Debug|Any CPU.Build.0 = Debug|Any CPU
		{4A8F28EB-5C78-FC75-F8B6-6416297AC0C5}.Release|Any CPU.ActiveCfg = Release|Any CPU
		{4A8F28EB-5C78-FC75-F8B6-6416297AC0C5}.Release|Any CPU.Build.0 = Release|Any CPU
		{9536E6F1-6FF2-8CB4-77F5-2E1A2D148D0B}.Debug|Any CPU.ActiveCfg = Debug|Any CPU
		{9536E6F1-6FF2-8CB4-77F5-2E1A2D148D0B}.Debug|Any CPU.Build.0 = Debug|Any CPU
		{9536E6F1-6FF2-8CB4-77F5-2E1A2D148D0B}.Release|Any CPU.ActiveCfg = Release|Any CPU
		{9536E6F1-6FF2-8CB4-77F5-2E1A2D148D0B}.Release|Any CPU.Build.0 = Release|Any CPU
		{459538D5-53C5-43A2-157D-FF18F5E50F3D}.Debug|Any CPU.ActiveCfg = Debug|Any CPU
		{459538D5-53C5-43A2-157D-FF18F5E50F3D}.Debug|Any CPU.Build.0 = Debug|Any CPU
		{459538D5-53C5-43A2-157D-FF18F5E50F3D}.Release|Any CPU.ActiveCfg = Release|Any CPU
		{459538D5-53C5-43A2-157D-FF18F5E50F3D}.Release|Any CPU.Build.0 = Release|Any CPU
		{EBE66345-4ED1-E08F-3D65-27B23FC4811B}.Debug|Any CPU.ActiveCfg = Debug|Any CPU
		{EBE66345-4ED1-E08F-3D65-27B23FC4811B}.Debug|Any CPU.Build.0 = Debug|Any CPU
		{EBE66345-4ED1-E08F-3D65-27B23FC4811B}.Release|Any CPU.ActiveCfg = Release|Any CPU
		{EBE66345-4ED1-E08F-3D65-27B23FC4811B}.Release|Any CPU.Build.0 = Release|Any CPU
		{0309EE8E-D7F4-A21D-CCB6-8AF48DC851C4}.Debug|Any CPU.ActiveCfg = Debug|Any CPU
		{0309EE8E-D7F4-A21D-CCB6-8AF48DC851C4}.Debug|Any CPU.Build.0 = Debug|Any CPU
		{0309EE8E-D7F4-A21D-CCB6-8AF48DC851C4}.Release|Any CPU.ActiveCfg = Release|Any CPU
		{0309EE8E-D7F4-A21D-CCB6-8AF48DC851C4}.Release|Any CPU.Build.0 = Release|Any CPU
		{D7E19BFE-85A2-5CD5-AB03-CF88262AC405}.Debug|Any CPU.ActiveCfg = Debug|Any CPU
		{D7E19BFE-85A2-5CD5-AB03-CF88262AC405}.Debug|Any CPU.Build.0 = Debug|Any CPU
		{D7E19BFE-85A2-5CD5-AB03-CF88262AC405}.Release|Any CPU.ActiveCfg = Release|Any CPU
		{D7E19BFE-85A2-5CD5-AB03-CF88262AC405}.Release|Any CPU.Build.0 = Release|Any CPU
		{A67B4179-FAD6-9DC1-8DCF-D66A41633728}.Debug|Any CPU.ActiveCfg = Debug|Any CPU
		{A67B4179-FAD6-9DC1-8DCF-D66A41633728}.Debug|Any CPU.Build.0 = Debug|Any CPU
		{A67B4179-FAD6-9DC1-8DCF-D66A41633728}.Release|Any CPU.ActiveCfg = Release|Any CPU
		{A67B4179-FAD6-9DC1-8DCF-D66A41633728}.Release|Any CPU.Build.0 = Release|Any CPU
		{90608D9D-2A7C-DE49-F942-7B7E7F16A9D3}.Debug|Any CPU.ActiveCfg = Debug|Any CPU
		{90608D9D-2A7C-DE49-F942-7B7E7F16A9D3}.Debug|Any CPU.Build.0 = Debug|Any CPU
		{90608D9D-2A7C-DE49-F942-7B7E7F16A9D3}.Release|Any CPU.ActiveCfg = Release|Any CPU
		{90608D9D-2A7C-DE49-F942-7B7E7F16A9D3}.Release|Any CPU.Build.0 = Release|Any CPU
		{6F70F1D2-EB04-15F0-5159-8058AC00F079}.Debug|Any CPU.ActiveCfg = Debug|Any CPU
		{6F70F1D2-EB04-15F0-5159-8058AC00F079}.Debug|Any CPU.Build.0 = Debug|Any CPU
		{6F70F1D2-EB04-15F0-5159-8058AC00F079}.Release|Any CPU.ActiveCfg = Release|Any CPU
		{6F70F1D2-EB04-15F0-5159-8058AC00F079}.Release|Any CPU.Build.0 = Release|Any CPU
		{386023C2-FB5D-114D-5DE0-BACE7083A13F}.Debug|Any CPU.ActiveCfg = Debug|Any CPU
		{386023C2-FB5D-114D-5DE0-BACE7083A13F}.Debug|Any CPU.Build.0 = Debug|Any CPU
		{386023C2-FB5D-114D-5DE0-BACE7083A13F}.Release|Any CPU.ActiveCfg = Release|Any CPU
		{386023C2-FB5D-114D-5DE0-BACE7083A13F}.Release|Any CPU.Build.0 = Release|Any CPU
		{C863404E-EC0D-445F-BB33-AA69E2EA2B7E}.Debug|Any CPU.ActiveCfg = Debug|Any CPU
		{C863404E-EC0D-445F-BB33-AA69E2EA2B7E}.Debug|Any CPU.Build.0 = Debug|Any CPU
		{C863404E-EC0D-445F-BB33-AA69E2EA2B7E}.Release|Any CPU.ActiveCfg = Release|Any CPU
		{C863404E-EC0D-445F-BB33-AA69E2EA2B7E}.Release|Any CPU.Build.0 = Release|Any CPU
		{5DCB2371-2FF4-FD7A-981E-7C18886FFFC8}.Debug|Any CPU.ActiveCfg = Debug|Any CPU
		{5DCB2371-2FF4-FD7A-981E-7C18886FFFC8}.Debug|Any CPU.Build.0 = Debug|Any CPU
		{5DCB2371-2FF4-FD7A-981E-7C18886FFFC8}.Release|Any CPU.ActiveCfg = Release|Any CPU
		{5DCB2371-2FF4-FD7A-981E-7C18886FFFC8}.Release|Any CPU.Build.0 = Release|Any CPU
		{0FA53D36-1889-5C10-2445-3C5210BE01D0}.Debug|Any CPU.ActiveCfg = Debug|Any CPU
		{0FA53D36-1889-5C10-2445-3C5210BE01D0}.Debug|Any CPU.Build.0 = Debug|Any CPU
		{0FA53D36-1889-5C10-2445-3C5210BE01D0}.Release|Any CPU.ActiveCfg = Release|Any CPU
		{0FA53D36-1889-5C10-2445-3C5210BE01D0}.Release|Any CPU.Build.0 = Release|Any CPU
		{7E8D4E57-84C1-99AF-FFA6-949E25C6D24E}.Debug|Any CPU.ActiveCfg = Debug|Any CPU
		{7E8D4E57-84C1-99AF-FFA6-949E25C6D24E}.Debug|Any CPU.Build.0 = Debug|Any CPU
		{7E8D4E57-84C1-99AF-FFA6-949E25C6D24E}.Release|Any CPU.ActiveCfg = Release|Any CPU
		{7E8D4E57-84C1-99AF-FFA6-949E25C6D24E}.Release|Any CPU.Build.0 = Release|Any CPU
		{5321C972-2497-EC9C-B910-C139B3D68870}.Debug|Any CPU.ActiveCfg = Debug|Any CPU
		{5321C972-2497-EC9C-B910-C139B3D68870}.Debug|Any CPU.Build.0 = Debug|Any CPU
		{5321C972-2497-EC9C-B910-C139B3D68870}.Release|Any CPU.ActiveCfg = Release|Any CPU
		{5321C972-2497-EC9C-B910-C139B3D68870}.Release|Any CPU.Build.0 = Release|Any CPU
		{E825ACA0-EB3B-1E11-368E-CC25D35356C0}.Debug|Any CPU.ActiveCfg = Debug|Any CPU
		{E825ACA0-EB3B-1E11-368E-CC25D35356C0}.Debug|Any CPU.Build.0 = Debug|Any CPU
		{E825ACA0-EB3B-1E11-368E-CC25D35356C0}.Release|Any CPU.ActiveCfg = Release|Any CPU
		{E825ACA0-EB3B-1E11-368E-CC25D35356C0}.Release|Any CPU.Build.0 = Release|Any CPU
		{96DD56A9-92D8-9E29-AA8D-18DA38C68747}.Debug|Any CPU.ActiveCfg = Debug|Any CPU
		{96DD56A9-92D8-9E29-AA8D-18DA38C68747}.Debug|Any CPU.Build.0 = Debug|Any CPU
		{96DD56A9-92D8-9E29-AA8D-18DA38C68747}.Release|Any CPU.ActiveCfg = Release|Any CPU
		{96DD56A9-92D8-9E29-AA8D-18DA38C68747}.Release|Any CPU.Build.0 = Release|Any CPU
		{CDAAEC96-7489-97D2-BA1E-E6B34BAB730D}.Debug|Any CPU.ActiveCfg = Debug|Any CPU
		{CDAAEC96-7489-97D2-BA1E-E6B34BAB730D}.Debug|Any CPU.Build.0 = Debug|Any CPU
		{CDAAEC96-7489-97D2-BA1E-E6B34BAB730D}.Release|Any CPU.ActiveCfg = Release|Any CPU
		{CDAAEC96-7489-97D2-BA1E-E6B34BAB730D}.Release|Any CPU.Build.0 = Release|Any CPU
		{855C4ECA-6E66-B2D2-17B9-50D7FE612E0B}.Debug|Any CPU.ActiveCfg = Debug|Any CPU
		{855C4ECA-6E66-B2D2-17B9-50D7FE612E0B}.Debug|Any CPU.Build.0 = Debug|Any CPU
		{855C4ECA-6E66-B2D2-17B9-50D7FE612E0B}.Release|Any CPU.ActiveCfg = Release|Any CPU
		{855C4ECA-6E66-B2D2-17B9-50D7FE612E0B}.Release|Any CPU.Build.0 = Release|Any CPU
		{9D634A56-C764-E399-3C01-821EB8018077}.Debug|Any CPU.ActiveCfg = Debug|Any CPU
		{9D634A56-C764-E399-3C01-821EB8018077}.Debug|Any CPU.Build.0 = Debug|Any CPU
		{9D634A56-C764-E399-3C01-821EB8018077}.Release|Any CPU.ActiveCfg = Release|Any CPU
		{9D634A56-C764-E399-3C01-821EB8018077}.Release|Any CPU.Build.0 = Release|Any CPU
		{94F5C507-F432-7B71-9758-336669336079}.Debug|Any CPU.ActiveCfg = Debug|Any CPU
		{94F5C507-F432-7B71-9758-336669336079}.Debug|Any CPU.Build.0 = Debug|Any CPU
		{94F5C507-F432-7B71-9758-336669336079}.Release|Any CPU.ActiveCfg = Release|Any CPU
		{94F5C507-F432-7B71-9758-336669336079}.Release|Any CPU.Build.0 = Release|Any CPU
		{E5938862-4C72-7418-6098-1EC47220F6F2}.Debug|Any CPU.ActiveCfg = Debug|Any CPU
		{E5938862-4C72-7418-6098-1EC47220F6F2}.Debug|Any CPU.Build.0 = Debug|Any CPU
		{E5938862-4C72-7418-6098-1EC47220F6F2}.Release|Any CPU.ActiveCfg = Release|Any CPU
		{E5938862-4C72-7418-6098-1EC47220F6F2}.Release|Any CPU.Build.0 = Release|Any CPU
		{3BF9DB47-2DA6-5F12-513D-BD83B4764956}.Debug|Any CPU.ActiveCfg = Debug|Any CPU
		{3BF9DB47-2DA6-5F12-513D-BD83B4764956}.Debug|Any CPU.Build.0 = Debug|Any CPU
		{3BF9DB47-2DA6-5F12-513D-BD83B4764956}.Release|Any CPU.ActiveCfg = Release|Any CPU
		{3BF9DB47-2DA6-5F12-513D-BD83B4764956}.Release|Any CPU.Build.0 = Release|Any CPU
		{A7A07D95-C72A-93CB-4498-962524A59065}.Debug|Any CPU.ActiveCfg = Debug|Any CPU
		{A7A07D95-C72A-93CB-4498-962524A59065}.Debug|Any CPU.Build.0 = Debug|Any CPU
		{A7A07D95-C72A-93CB-4498-962524A59065}.Release|Any CPU.ActiveCfg = Release|Any CPU
		{A7A07D95-C72A-93CB-4498-962524A59065}.Release|Any CPU.Build.0 = Release|Any CPU
		{1AE74FF9-3AFF-3FEE-A41B-7CD3A0F8E8B3}.Debug|Any CPU.ActiveCfg = Debug|Any CPU
		{1AE74FF9-3AFF-3FEE-A41B-7CD3A0F8E8B3}.Debug|Any CPU.Build.0 = Debug|Any CPU
		{1AE74FF9-3AFF-3FEE-A41B-7CD3A0F8E8B3}.Release|Any CPU.ActiveCfg = Release|Any CPU
		{1AE74FF9-3AFF-3FEE-A41B-7CD3A0F8E8B3}.Release|Any CPU.Build.0 = Release|Any CPU
		{23ECA631-38AD-F35F-620A-9E13DCB98EE6}.Debug|Any CPU.ActiveCfg = Debug|Any CPU
		{23ECA631-38AD-F35F-620A-9E13DCB98EE6}.Debug|Any CPU.Build.0 = Debug|Any CPU
		{23ECA631-38AD-F35F-620A-9E13DCB98EE6}.Release|Any CPU.ActiveCfg = Release|Any CPU
		{23ECA631-38AD-F35F-620A-9E13DCB98EE6}.Release|Any CPU.Build.0 = Release|Any CPU
		{0472B2A9-1263-148D-467D-43223EE78E62}.Debug|Any CPU.ActiveCfg = Debug|Any CPU
		{0472B2A9-1263-148D-467D-43223EE78E62}.Debug|Any CPU.Build.0 = Debug|Any CPU
		{0472B2A9-1263-148D-467D-43223EE78E62}.Release|Any CPU.ActiveCfg = Release|Any CPU
		{0472B2A9-1263-148D-467D-43223EE78E62}.Release|Any CPU.Build.0 = Release|Any CPU
		{551CCC7A-2C60-8E38-708F-D79D9E03EF97}.Debug|Any CPU.ActiveCfg = Debug|Any CPU
		{551CCC7A-2C60-8E38-708F-D79D9E03EF97}.Debug|Any CPU.Build.0 = Debug|Any CPU
		{551CCC7A-2C60-8E38-708F-D79D9E03EF97}.Release|Any CPU.ActiveCfg = Release|Any CPU
		{551CCC7A-2C60-8E38-708F-D79D9E03EF97}.Release|Any CPU.Build.0 = Release|Any CPU
		{548DF941-6138-3332-E4BF-03E9B97AEB25}.Debug|Any CPU.ActiveCfg = Debug|Any CPU
		{548DF941-6138-3332-E4BF-03E9B97AEB25}.Debug|Any CPU.Build.0 = Debug|Any CPU
		{548DF941-6138-3332-E4BF-03E9B97AEB25}.Release|Any CPU.ActiveCfg = Release|Any CPU
		{548DF941-6138-3332-E4BF-03E9B97AEB25}.Release|Any CPU.Build.0 = Release|Any CPU
		{FC033057-2A1F-0B40-866C-CE0BF2BE497B}.Debug|Any CPU.ActiveCfg = Debug|Any CPU
		{FC033057-2A1F-0B40-866C-CE0BF2BE497B}.Debug|Any CPU.Build.0 = Debug|Any CPU
		{FC033057-2A1F-0B40-866C-CE0BF2BE497B}.Release|Any CPU.ActiveCfg = Release|Any CPU
		{FC033057-2A1F-0B40-866C-CE0BF2BE497B}.Release|Any CPU.Build.0 = Release|Any CPU
		{C1E11E20-C656-7341-3C67-797182DBEB15}.Debug|Any CPU.ActiveCfg = Debug|Any CPU
		{C1E11E20-C656-7341-3C67-797182DBEB15}.Debug|Any CPU.Build.0 = Debug|Any CPU
		{C1E11E20-C656-7341-3C67-797182DBEB15}.Release|Any CPU.ActiveCfg = Release|Any CPU
		{C1E11E20-C656-7341-3C67-797182DBEB15}.Release|Any CPU.Build.0 = Release|Any CPU
		{6FF9C77B-5501-D9FE-3975-B00ED07D9DA7}.Debug|Any CPU.ActiveCfg = Debug|Any CPU
		{6FF9C77B-5501-D9FE-3975-B00ED07D9DA7}.Debug|Any CPU.Build.0 = Debug|Any CPU
		{6FF9C77B-5501-D9FE-3975-B00ED07D9DA7}.Release|Any CPU.ActiveCfg = Release|Any CPU
		{6FF9C77B-5501-D9FE-3975-B00ED07D9DA7}.Release|Any CPU.Build.0 = Release|Any CPU
		{09D8D874-8C8D-5FF6-1C37-E850AAFE6925}.Debug|Any CPU.ActiveCfg = Debug|Any CPU
		{09D8D874-8C8D-5FF6-1C37-E850AAFE6925}.Debug|Any CPU.Build.0 = Debug|Any CPU
		{09D8D874-8C8D-5FF6-1C37-E850AAFE6925}.Release|Any CPU.ActiveCfg = Release|Any CPU
		{09D8D874-8C8D-5FF6-1C37-E850AAFE6925}.Release|Any CPU.Build.0 = Release|Any CPU
		{B009DBFC-D986-E3B3-61D0-988F5CDD90D1}.Debug|Any CPU.ActiveCfg = Debug|Any CPU
		{B009DBFC-D986-E3B3-61D0-988F5CDD90D1}.Debug|Any CPU.Build.0 = Debug|Any CPU
		{B009DBFC-D986-E3B3-61D0-988F5CDD90D1}.Release|Any CPU.ActiveCfg = Release|Any CPU
		{B009DBFC-D986-E3B3-61D0-988F5CDD90D1}.Release|Any CPU.Build.0 = Release|Any CPU
		{6D2EC696-EA14-91F7-995A-A8E11AC81802}.Debug|Any CPU.ActiveCfg = Debug|Any CPU
		{6D2EC696-EA14-91F7-995A-A8E11AC81802}.Debug|Any CPU.Build.0 = Debug|Any CPU
		{6D2EC696-EA14-91F7-995A-A8E11AC81802}.Release|Any CPU.ActiveCfg = Release|Any CPU
		{6D2EC696-EA14-91F7-995A-A8E11AC81802}.Release|Any CPU.Build.0 = Release|Any CPU
		{DD71FADB-5371-CE8E-E8B4-2020B23EF223}.Debug|Any CPU.ActiveCfg = Debug|Any CPU
		{DD71FADB-5371-CE8E-E8B4-2020B23EF223}.Debug|Any CPU.Build.0 = Debug|Any CPU
		{DD71FADB-5371-CE8E-E8B4-2020B23EF223}.Release|Any CPU.ActiveCfg = Release|Any CPU
		{DD71FADB-5371-CE8E-E8B4-2020B23EF223}.Release|Any CPU.Build.0 = Release|Any CPU
		{457F98E9-C24E-DC88-A5E9-2B0098DC77D7}.Debug|Any CPU.ActiveCfg = Debug|Any CPU
		{457F98E9-C24E-DC88-A5E9-2B0098DC77D7}.Debug|Any CPU.Build.0 = Debug|Any CPU
		{457F98E9-C24E-DC88-A5E9-2B0098DC77D7}.Release|Any CPU.ActiveCfg = Release|Any CPU
		{457F98E9-C24E-DC88-A5E9-2B0098DC77D7}.Release|Any CPU.Build.0 = Release|Any CPU
		{4EB7D199-E861-0EFF-4F4A-E97DDBBAE5BC}.Debug|Any CPU.ActiveCfg = Debug|Any CPU
		{4EB7D199-E861-0EFF-4F4A-E97DDBBAE5BC}.Debug|Any CPU.Build.0 = Debug|Any CPU
		{4EB7D199-E861-0EFF-4F4A-E97DDBBAE5BC}.Release|Any CPU.ActiveCfg = Release|Any CPU
		{4EB7D199-E861-0EFF-4F4A-E97DDBBAE5BC}.Release|Any CPU.Build.0 = Release|Any CPU
		{91AB2FDB-682D-07AD-AA1A-DC935A4F699D}.Debug|Any CPU.ActiveCfg = Debug|Any CPU
		{91AB2FDB-682D-07AD-AA1A-DC935A4F699D}.Debug|Any CPU.Build.0 = Debug|Any CPU
		{91AB2FDB-682D-07AD-AA1A-DC935A4F699D}.Release|Any CPU.ActiveCfg = Release|Any CPU
		{91AB2FDB-682D-07AD-AA1A-DC935A4F699D}.Release|Any CPU.Build.0 = Release|Any CPU
		{369BFB66-E678-214E-92DE-68269F63D21A}.Debug|Any CPU.ActiveCfg = Debug|Any CPU
		{369BFB66-E678-214E-92DE-68269F63D21A}.Debug|Any CPU.Build.0 = Debug|Any CPU
		{369BFB66-E678-214E-92DE-68269F63D21A}.Release|Any CPU.ActiveCfg = Release|Any CPU
		{369BFB66-E678-214E-92DE-68269F63D21A}.Release|Any CPU.Build.0 = Release|Any CPU
		{1A5E37BC-6429-9388-7D4D-7D51D1AA642D}.Debug|Any CPU.ActiveCfg = Debug|Any CPU
		{1A5E37BC-6429-9388-7D4D-7D51D1AA642D}.Debug|Any CPU.Build.0 = Debug|Any CPU
		{1A5E37BC-6429-9388-7D4D-7D51D1AA642D}.Release|Any CPU.ActiveCfg = Release|Any CPU
		{1A5E37BC-6429-9388-7D4D-7D51D1AA642D}.Release|Any CPU.Build.0 = Release|Any CPU
		{FE58544D-3835-339D-CDF3-DAD6DD15CEC6}.Debug|Any CPU.ActiveCfg = Debug|Any CPU
		{FE58544D-3835-339D-CDF3-DAD6DD15CEC6}.Debug|Any CPU.Build.0 = Debug|Any CPU
		{FE58544D-3835-339D-CDF3-DAD6DD15CEC6}.Release|Any CPU.ActiveCfg = Release|Any CPU
		{FE58544D-3835-339D-CDF3-DAD6DD15CEC6}.Release|Any CPU.Build.0 = Release|Any CPU
		{17971644-DDF9-09EC-0951-CE728C52E256}.Debug|Any CPU.ActiveCfg = Debug|Any CPU
		{17971644-DDF9-09EC-0951-CE728C52E256}.Debug|Any CPU.Build.0 = Debug|Any CPU
		{17971644-DDF9-09EC-0951-CE728C52E256}.Release|Any CPU.ActiveCfg = Release|Any CPU
		{17971644-DDF9-09EC-0951-CE728C52E256}.Release|Any CPU.Build.0 = Release|Any CPU
		{2D49ADC9-A380-E2B9-9730-A9872D82106F}.Debug|Any CPU.ActiveCfg = Debug|Any CPU
		{2D49ADC9-A380-E2B9-9730-A9872D82106F}.Debug|Any CPU.Build.0 = Debug|Any CPU
		{2D49ADC9-A380-E2B9-9730-A9872D82106F}.Release|Any CPU.ActiveCfg = Release|Any CPU
		{2D49ADC9-A380-E2B9-9730-A9872D82106F}.Release|Any CPU.Build.0 = Release|Any CPU
		{C8DC0FB5-A0C7-B1E1-AE2C-90FE816A99D0}.Debug|Any CPU.ActiveCfg = Debug|Any CPU
		{C8DC0FB5-A0C7-B1E1-AE2C-90FE816A99D0}.Debug|Any CPU.Build.0 = Debug|Any CPU
		{C8DC0FB5-A0C7-B1E1-AE2C-90FE816A99D0}.Release|Any CPU.ActiveCfg = Release|Any CPU
		{C8DC0FB5-A0C7-B1E1-AE2C-90FE816A99D0}.Release|Any CPU.Build.0 = Release|Any CPU
		{9DFCA6EA-2552-4C25-C8EC-F8D5E8279686}.Debug|Any CPU.ActiveCfg = Debug|Any CPU
		{9DFCA6EA-2552-4C25-C8EC-F8D5E8279686}.Debug|Any CPU.Build.0 = Debug|Any CPU
		{9DFCA6EA-2552-4C25-C8EC-F8D5E8279686}.Release|Any CPU.ActiveCfg = Release|Any CPU
		{9DFCA6EA-2552-4C25-C8EC-F8D5E8279686}.Release|Any CPU.Build.0 = Release|Any CPU
		{1B1E7EC6-B99F-DD73-D4C9-78578723E33D}.Debug|Any CPU.ActiveCfg = Debug|Any CPU
		{1B1E7EC6-B99F-DD73-D4C9-78578723E33D}.Debug|Any CPU.Build.0 = Debug|Any CPU
		{1B1E7EC6-B99F-DD73-D4C9-78578723E33D}.Release|Any CPU.ActiveCfg = Release|Any CPU
		{1B1E7EC6-B99F-DD73-D4C9-78578723E33D}.Release|Any CPU.Build.0 = Release|Any CPU
		{A339D373-9AAC-B69C-5703-56F0F1F18733}.Debug|Any CPU.ActiveCfg = Debug|Any CPU
		{A339D373-9AAC-B69C-5703-56F0F1F18733}.Debug|Any CPU.Build.0 = Debug|Any CPU
		{A339D373-9AAC-B69C-5703-56F0F1F18733}.Release|Any CPU.ActiveCfg = Release|Any CPU
		{A339D373-9AAC-B69C-5703-56F0F1F18733}.Release|Any CPU.Build.0 = Release|Any CPU
		{659042CE-CD2C-6C69-C66B-8BB97AE75904}.Debug|Any CPU.ActiveCfg = Debug|Any CPU
		{659042CE-CD2C-6C69-C66B-8BB97AE75904}.Debug|Any CPU.Build.0 = Debug|Any CPU
		{659042CE-CD2C-6C69-C66B-8BB97AE75904}.Release|Any CPU.ActiveCfg = Release|Any CPU
		{659042CE-CD2C-6C69-C66B-8BB97AE75904}.Release|Any CPU.Build.0 = Release|Any CPU
		{11135440-B86E-11D9-BF77-259CD780A82C}.Debug|Any CPU.ActiveCfg = Debug|Any CPU
		{11135440-B86E-11D9-BF77-259CD780A82C}.Debug|Any CPU.Build.0 = Debug|Any CPU
		{11135440-B86E-11D9-BF77-259CD780A82C}.Release|Any CPU.ActiveCfg = Release|Any CPU
		{11135440-B86E-11D9-BF77-259CD780A82C}.Release|Any CPU.Build.0 = Release|Any CPU
		{810CFF1E-FB4B-72E5-6664-B65A9C9F235A}.Debug|Any CPU.ActiveCfg = Debug|Any CPU
		{810CFF1E-FB4B-72E5-6664-B65A9C9F235A}.Debug|Any CPU.Build.0 = Debug|Any CPU
		{810CFF1E-FB4B-72E5-6664-B65A9C9F235A}.Release|Any CPU.ActiveCfg = Release|Any CPU
		{810CFF1E-FB4B-72E5-6664-B65A9C9F235A}.Release|Any CPU.Build.0 = Release|Any CPU
		{09FD1CC2-E938-AE98-5C04-22CCA54184C6}.Debug|Any CPU.ActiveCfg = Debug|Any CPU
		{09FD1CC2-E938-AE98-5C04-22CCA54184C6}.Debug|Any CPU.Build.0 = Debug|Any CPU
		{09FD1CC2-E938-AE98-5C04-22CCA54184C6}.Release|Any CPU.ActiveCfg = Release|Any CPU
		{09FD1CC2-E938-AE98-5C04-22CCA54184C6}.Release|Any CPU.Build.0 = Release|Any CPU
		{F76D3A55-6732-E907-34D8-70632EB85F5D}.Debug|Any CPU.ActiveCfg = Debug|Any CPU
		{F76D3A55-6732-E907-34D8-70632EB85F5D}.Debug|Any CPU.Build.0 = Debug|Any CPU
		{F76D3A55-6732-E907-34D8-70632EB85F5D}.Release|Any CPU.ActiveCfg = Release|Any CPU
		{F76D3A55-6732-E907-34D8-70632EB85F5D}.Release|Any CPU.Build.0 = Release|Any CPU
		{BFCB36BD-D7DE-1162-F4C6-D54011F0BA82}.Debug|Any CPU.ActiveCfg = Debug|Any CPU
		{BFCB36BD-D7DE-1162-F4C6-D54011F0BA82}.Debug|Any CPU.Build.0 = Debug|Any CPU
		{BFCB36BD-D7DE-1162-F4C6-D54011F0BA82}.Release|Any CPU.ActiveCfg = Release|Any CPU
		{BFCB36BD-D7DE-1162-F4C6-D54011F0BA82}.Release|Any CPU.Build.0 = Release|Any CPU
		{4B4DA8E8-1D9C-87F4-CE44-49CAF3DBB250}.Debug|Any CPU.ActiveCfg = Debug|Any CPU
		{4B4DA8E8-1D9C-87F4-CE44-49CAF3DBB250}.Debug|Any CPU.Build.0 = Debug|Any CPU
		{4B4DA8E8-1D9C-87F4-CE44-49CAF3DBB250}.Release|Any CPU.ActiveCfg = Release|Any CPU
		{4B4DA8E8-1D9C-87F4-CE44-49CAF3DBB250}.Release|Any CPU.Build.0 = Release|Any CPU
		{C041630E-0E7D-EA97-5D05-62A0070399FD}.Debug|Any CPU.ActiveCfg = Debug|Any CPU
		{C041630E-0E7D-EA97-5D05-62A0070399FD}.Debug|Any CPU.Build.0 = Debug|Any CPU
		{C041630E-0E7D-EA97-5D05-62A0070399FD}.Release|Any CPU.ActiveCfg = Release|Any CPU
		{C041630E-0E7D-EA97-5D05-62A0070399FD}.Release|Any CPU.Build.0 = Release|Any CPU
		{00F937E6-36E7-A8E5-87AE-DA6A828D332F}.Debug|Any CPU.ActiveCfg = Debug|Any CPU
		{00F937E6-36E7-A8E5-87AE-DA6A828D332F}.Debug|Any CPU.Build.0 = Debug|Any CPU
		{00F937E6-36E7-A8E5-87AE-DA6A828D332F}.Release|Any CPU.ActiveCfg = Release|Any CPU
		{00F937E6-36E7-A8E5-87AE-DA6A828D332F}.Release|Any CPU.Build.0 = Release|Any CPU
		{425AC49F-9498-6A1A-A27E-EC0B57740762}.Debug|Any CPU.ActiveCfg = Debug|Any CPU
		{425AC49F-9498-6A1A-A27E-EC0B57740762}.Debug|Any CPU.Build.0 = Debug|Any CPU
		{425AC49F-9498-6A1A-A27E-EC0B57740762}.Release|Any CPU.ActiveCfg = Release|Any CPU
		{425AC49F-9498-6A1A-A27E-EC0B57740762}.Release|Any CPU.Build.0 = Release|Any CPU
		{8DCE11C7-3FD2-1199-BCDB-298C3D27605E}.Debug|Any CPU.ActiveCfg = Debug|Any CPU
		{8DCE11C7-3FD2-1199-BCDB-298C3D27605E}.Debug|Any CPU.Build.0 = Debug|Any CPU
		{8DCE11C7-3FD2-1199-BCDB-298C3D27605E}.Release|Any CPU.ActiveCfg = Release|Any CPU
		{8DCE11C7-3FD2-1199-BCDB-298C3D27605E}.Release|Any CPU.Build.0 = Release|Any CPU
		{1811FCEF-4135-91BE-879C-8003E056BF9F}.Debug|Any CPU.ActiveCfg = Debug|Any CPU
		{1811FCEF-4135-91BE-879C-8003E056BF9F}.Debug|Any CPU.Build.0 = Debug|Any CPU
		{1811FCEF-4135-91BE-879C-8003E056BF9F}.Release|Any CPU.ActiveCfg = Release|Any CPU
		{1811FCEF-4135-91BE-879C-8003E056BF9F}.Release|Any CPU.Build.0 = Release|Any CPU
		{135487AC-F7AD-4B45-0439-B45A74A83A28}.Debug|Any CPU.ActiveCfg = Debug|Any CPU
		{135487AC-F7AD-4B45-0439-B45A74A83A28}.Debug|Any CPU.Build.0 = Debug|Any CPU
		{135487AC-F7AD-4B45-0439-B45A74A83A28}.Release|Any CPU.ActiveCfg = Release|Any CPU
		{135487AC-F7AD-4B45-0439-B45A74A83A28}.Release|Any CPU.Build.0 = Release|Any CPU
		{AE9B714C-ABAD-E809-0D28-A99A2B3D017F}.Debug|Any CPU.ActiveCfg = Debug|Any CPU
		{AE9B714C-ABAD-E809-0D28-A99A2B3D017F}.Debug|Any CPU.Build.0 = Debug|Any CPU
		{AE9B714C-ABAD-E809-0D28-A99A2B3D017F}.Release|Any CPU.ActiveCfg = Release|Any CPU
		{AE9B714C-ABAD-E809-0D28-A99A2B3D017F}.Release|Any CPU.Build.0 = Release|Any CPU
		{4E1D3329-71E9-86AE-8C96-8B7A193CC5CB}.Debug|Any CPU.ActiveCfg = Debug|Any CPU
		{4E1D3329-71E9-86AE-8C96-8B7A193CC5CB}.Debug|Any CPU.Build.0 = Debug|Any CPU
		{4E1D3329-71E9-86AE-8C96-8B7A193CC5CB}.Release|Any CPU.ActiveCfg = Release|Any CPU
		{4E1D3329-71E9-86AE-8C96-8B7A193CC5CB}.Release|Any CPU.Build.0 = Release|Any CPU
		{3C1A5BDE-FCFE-48E9-BA3E-252B2A3DBA72}.Debug|Any CPU.ActiveCfg = Debug|Any CPU
		{3C1A5BDE-FCFE-48E9-BA3E-252B2A3DBA72}.Debug|Any CPU.Build.0 = Debug|Any CPU
		{3C1A5BDE-FCFE-48E9-BA3E-252B2A3DBA72}.Release|Any CPU.ActiveCfg = Release|Any CPU
		{3C1A5BDE-FCFE-48E9-BA3E-252B2A3DBA72}.Release|Any CPU.Build.0 = Release|Any CPU
		{6AE84676-22D3-5788-7285-5030D0153FE7}.Debug|Any CPU.ActiveCfg = Debug|Any CPU
		{6AE84676-22D3-5788-7285-5030D0153FE7}.Debug|Any CPU.Build.0 = Debug|Any CPU
		{6AE84676-22D3-5788-7285-5030D0153FE7}.Release|Any CPU.ActiveCfg = Release|Any CPU
		{6AE84676-22D3-5788-7285-5030D0153FE7}.Release|Any CPU.Build.0 = Release|Any CPU
		{C08AE15B-DDC8-24EC-E3A1-9CECF2362C44}.Debug|Any CPU.ActiveCfg = Debug|Any CPU
		{C08AE15B-DDC8-24EC-E3A1-9CECF2362C44}.Debug|Any CPU.Build.0 = Debug|Any CPU
		{C08AE15B-DDC8-24EC-E3A1-9CECF2362C44}.Release|Any CPU.ActiveCfg = Release|Any CPU
		{C08AE15B-DDC8-24EC-E3A1-9CECF2362C44}.Release|Any CPU.Build.0 = Release|Any CPU
		{902D6208-FA9D-27B9-CEA3-1B04B3A76F34}.Debug|Any CPU.ActiveCfg = Debug|Any CPU
		{902D6208-FA9D-27B9-CEA3-1B04B3A76F34}.Debug|Any CPU.Build.0 = Debug|Any CPU
		{902D6208-FA9D-27B9-CEA3-1B04B3A76F34}.Release|Any CPU.ActiveCfg = Release|Any CPU
		{902D6208-FA9D-27B9-CEA3-1B04B3A76F34}.Release|Any CPU.Build.0 = Release|Any CPU
		{FA2CBFF8-7223-ECB1-8F94-471F05B4D76D}.Debug|Any CPU.ActiveCfg = Debug|Any CPU
		{FA2CBFF8-7223-ECB1-8F94-471F05B4D76D}.Debug|Any CPU.Build.0 = Debug|Any CPU
		{FA2CBFF8-7223-ECB1-8F94-471F05B4D76D}.Release|Any CPU.ActiveCfg = Release|Any CPU
		{FA2CBFF8-7223-ECB1-8F94-471F05B4D76D}.Release|Any CPU.Build.0 = Release|Any CPU
		{4151B195-513A-04BB-75E2-4749820CF022}.Debug|Any CPU.ActiveCfg = Debug|Any CPU
		{4151B195-513A-04BB-75E2-4749820CF022}.Debug|Any CPU.Build.0 = Debug|Any CPU
		{4151B195-513A-04BB-75E2-4749820CF022}.Release|Any CPU.ActiveCfg = Release|Any CPU
		{4151B195-513A-04BB-75E2-4749820CF022}.Release|Any CPU.Build.0 = Release|Any CPU
		{8E6CE0D6-0874-33CC-2EA2-DCF3286BBB68}.Debug|Any CPU.ActiveCfg = Debug|Any CPU
		{8E6CE0D6-0874-33CC-2EA2-DCF3286BBB68}.Debug|Any CPU.Build.0 = Debug|Any CPU
		{8E6CE0D6-0874-33CC-2EA2-DCF3286BBB68}.Release|Any CPU.ActiveCfg = Release|Any CPU
		{8E6CE0D6-0874-33CC-2EA2-DCF3286BBB68}.Release|Any CPU.Build.0 = Release|Any CPU
		{B56F4C44-5B1F-5C27-5C2C-121A05333888}.Debug|Any CPU.ActiveCfg = Debug|Any CPU
		{B56F4C44-5B1F-5C27-5C2C-121A05333888}.Debug|Any CPU.Build.0 = Debug|Any CPU
		{B56F4C44-5B1F-5C27-5C2C-121A05333888}.Release|Any CPU.ActiveCfg = Release|Any CPU
		{B56F4C44-5B1F-5C27-5C2C-121A05333888}.Release|Any CPU.Build.0 = Release|Any CPU
		{382CE916-2256-2B42-B8CF-ED322A409150}.Debug|Any CPU.ActiveCfg = Debug|Any CPU
		{382CE916-2256-2B42-B8CF-ED322A409150}.Debug|Any CPU.Build.0 = Debug|Any CPU
		{382CE916-2256-2B42-B8CF-ED322A409150}.Release|Any CPU.ActiveCfg = Release|Any CPU
		{382CE916-2256-2B42-B8CF-ED322A409150}.Release|Any CPU.Build.0 = Release|Any CPU
		{C87BB4C5-1DD4-8CAA-8BAE-0389AD45A221}.Debug|Any CPU.ActiveCfg = Debug|Any CPU
		{C87BB4C5-1DD4-8CAA-8BAE-0389AD45A221}.Debug|Any CPU.Build.0 = Debug|Any CPU
		{C87BB4C5-1DD4-8CAA-8BAE-0389AD45A221}.Release|Any CPU.ActiveCfg = Release|Any CPU
		{C87BB4C5-1DD4-8CAA-8BAE-0389AD45A221}.Release|Any CPU.Build.0 = Release|Any CPU
		{D310349B-D6E2-A8D1-5003-BD73B7561361}.Debug|Any CPU.ActiveCfg = Debug|Any CPU
		{D310349B-D6E2-A8D1-5003-BD73B7561361}.Debug|Any CPU.Build.0 = Debug|Any CPU
		{D310349B-D6E2-A8D1-5003-BD73B7561361}.Release|Any CPU.ActiveCfg = Release|Any CPU
		{D310349B-D6E2-A8D1-5003-BD73B7561361}.Release|Any CPU.Build.0 = Release|Any CPU
		{2DE71090-87F5-9E80-C100-5ED094747C6A}.Debug|Any CPU.ActiveCfg = Debug|Any CPU
		{2DE71090-87F5-9E80-C100-5ED094747C6A}.Debug|Any CPU.Build.0 = Debug|Any CPU
		{2DE71090-87F5-9E80-C100-5ED094747C6A}.Release|Any CPU.ActiveCfg = Release|Any CPU
		{2DE71090-87F5-9E80-C100-5ED094747C6A}.Release|Any CPU.Build.0 = Release|Any CPU
		{8C6C7F80-D344-68B2-E144-2E7F2F7B72B4}.Debug|Any CPU.ActiveCfg = Debug|Any CPU
		{8C6C7F80-D344-68B2-E144-2E7F2F7B72B4}.Debug|Any CPU.Build.0 = Debug|Any CPU
		{8C6C7F80-D344-68B2-E144-2E7F2F7B72B4}.Release|Any CPU.ActiveCfg = Release|Any CPU
		{8C6C7F80-D344-68B2-E144-2E7F2F7B72B4}.Release|Any CPU.Build.0 = Release|Any CPU
		{B763FF79-2323-CC9D-4118-193C6560F5A8}.Debug|Any CPU.ActiveCfg = Debug|Any CPU
		{B763FF79-2323-CC9D-4118-193C6560F5A8}.Debug|Any CPU.Build.0 = Debug|Any CPU
		{B763FF79-2323-CC9D-4118-193C6560F5A8}.Release|Any CPU.ActiveCfg = Release|Any CPU
		{B763FF79-2323-CC9D-4118-193C6560F5A8}.Release|Any CPU.Build.0 = Release|Any CPU
		{1D581E71-A01D-C83D-13D5-24AEA2DD93F3}.Debug|Any CPU.ActiveCfg = Debug|Any CPU
		{1D581E71-A01D-C83D-13D5-24AEA2DD93F3}.Debug|Any CPU.Build.0 = Debug|Any CPU
		{1D581E71-A01D-C83D-13D5-24AEA2DD93F3}.Release|Any CPU.ActiveCfg = Release|Any CPU
		{1D581E71-A01D-C83D-13D5-24AEA2DD93F3}.Release|Any CPU.Build.0 = Release|Any CPU
		{E5ED20B9-B246-E10F-249E-B174D040D2B6}.Debug|Any CPU.ActiveCfg = Debug|Any CPU
		{E5ED20B9-B246-E10F-249E-B174D040D2B6}.Debug|Any CPU.Build.0 = Debug|Any CPU
		{E5ED20B9-B246-E10F-249E-B174D040D2B6}.Release|Any CPU.ActiveCfg = Release|Any CPU
		{E5ED20B9-B246-E10F-249E-B174D040D2B6}.Release|Any CPU.Build.0 = Release|Any CPU
		{5ECF7E9B-0A40-416E-1DA5-D613C0AD3E13}.Debug|Any CPU.ActiveCfg = Debug|Any CPU
		{5ECF7E9B-0A40-416E-1DA5-D613C0AD3E13}.Debug|Any CPU.Build.0 = Debug|Any CPU
		{5ECF7E9B-0A40-416E-1DA5-D613C0AD3E13}.Release|Any CPU.ActiveCfg = Release|Any CPU
		{5ECF7E9B-0A40-416E-1DA5-D613C0AD3E13}.Release|Any CPU.Build.0 = Release|Any CPU
		{82722D4D-2514-AE36-FD22-A55174856C27}.Debug|Any CPU.ActiveCfg = Debug|Any CPU
		{82722D4D-2514-AE36-FD22-A55174856C27}.Debug|Any CPU.Build.0 = Debug|Any CPU
		{82722D4D-2514-AE36-FD22-A55174856C27}.Release|Any CPU.ActiveCfg = Release|Any CPU
		{82722D4D-2514-AE36-FD22-A55174856C27}.Release|Any CPU.Build.0 = Release|Any CPU
		{4EEC2FF8-8F52-FE60-C212-34A35FBD5633}.Debug|Any CPU.ActiveCfg = Debug|Any CPU
		{4EEC2FF8-8F52-FE60-C212-34A35FBD5633}.Debug|Any CPU.Build.0 = Debug|Any CPU
		{4EEC2FF8-8F52-FE60-C212-34A35FBD5633}.Release|Any CPU.ActiveCfg = Release|Any CPU
		{4EEC2FF8-8F52-FE60-C212-34A35FBD5633}.Release|Any CPU.Build.0 = Release|Any CPU
		{F69E70AF-816B-2EE6-0D42-85B37212892D}.Debug|Any CPU.ActiveCfg = Debug|Any CPU
		{F69E70AF-816B-2EE6-0D42-85B37212892D}.Debug|Any CPU.Build.0 = Debug|Any CPU
		{F69E70AF-816B-2EE6-0D42-85B37212892D}.Release|Any CPU.ActiveCfg = Release|Any CPU
		{F69E70AF-816B-2EE6-0D42-85B37212892D}.Release|Any CPU.Build.0 = Release|Any CPU
		{8D5A2044-7371-6E5E-9FAA-9CE21CFD6246}.Debug|Any CPU.ActiveCfg = Debug|Any CPU
		{8D5A2044-7371-6E5E-9FAA-9CE21CFD6246}.Debug|Any CPU.Build.0 = Debug|Any CPU
		{8D5A2044-7371-6E5E-9FAA-9CE21CFD6246}.Release|Any CPU.ActiveCfg = Release|Any CPU
		{8D5A2044-7371-6E5E-9FAA-9CE21CFD6246}.Release|Any CPU.Build.0 = Release|Any CPU
		{46806997-161C-CA3A-15CA-03FB16A19C9B}.Debug|Any CPU.ActiveCfg = Debug|Any CPU
		{46806997-161C-CA3A-15CA-03FB16A19C9B}.Debug|Any CPU.Build.0 = Debug|Any CPU
		{46806997-161C-CA3A-15CA-03FB16A19C9B}.Release|Any CPU.ActiveCfg = Release|Any CPU
		{46806997-161C-CA3A-15CA-03FB16A19C9B}.Release|Any CPU.Build.0 = Release|Any CPU
		{494DA586-625F-5EDD-764D-7B1B6CF0550F}.Debug|Any CPU.ActiveCfg = Debug|Any CPU
		{494DA586-625F-5EDD-764D-7B1B6CF0550F}.Debug|Any CPU.Build.0 = Debug|Any CPU
		{494DA586-625F-5EDD-764D-7B1B6CF0550F}.Release|Any CPU.ActiveCfg = Release|Any CPU
		{494DA586-625F-5EDD-764D-7B1B6CF0550F}.Release|Any CPU.Build.0 = Release|Any CPU
		{AE3C0B43-0173-ED70-F2A2-A97040BD965F}.Debug|Any CPU.ActiveCfg = Debug|Any CPU
		{AE3C0B43-0173-ED70-F2A2-A97040BD965F}.Debug|Any CPU.Build.0 = Debug|Any CPU
		{AE3C0B43-0173-ED70-F2A2-A97040BD965F}.Release|Any CPU.ActiveCfg = Release|Any CPU
		{AE3C0B43-0173-ED70-F2A2-A97040BD965F}.Release|Any CPU.Build.0 = Release|Any CPU
		{D25A1CAA-E3EF-C05D-79A0-3A2F2F0F3720}.Debug|Any CPU.ActiveCfg = Debug|Any CPU
		{D25A1CAA-E3EF-C05D-79A0-3A2F2F0F3720}.Debug|Any CPU.Build.0 = Debug|Any CPU
		{D25A1CAA-E3EF-C05D-79A0-3A2F2F0F3720}.Release|Any CPU.ActiveCfg = Release|Any CPU
		{D25A1CAA-E3EF-C05D-79A0-3A2F2F0F3720}.Release|Any CPU.Build.0 = Release|Any CPU
		{00917F77-3A7D-2E81-CE2B-18BF67B2F34A}.Debug|Any CPU.ActiveCfg = Debug|Any CPU
		{00917F77-3A7D-2E81-CE2B-18BF67B2F34A}.Debug|Any CPU.Build.0 = Debug|Any CPU
		{00917F77-3A7D-2E81-CE2B-18BF67B2F34A}.Release|Any CPU.ActiveCfg = Release|Any CPU
		{00917F77-3A7D-2E81-CE2B-18BF67B2F34A}.Release|Any CPU.Build.0 = Release|Any CPU
		{86B8BD34-F967-E2B6-4378-D98B9183F9BE}.Debug|Any CPU.ActiveCfg = Debug|Any CPU
		{86B8BD34-F967-E2B6-4378-D98B9183F9BE}.Debug|Any CPU.Build.0 = Debug|Any CPU
		{86B8BD34-F967-E2B6-4378-D98B9183F9BE}.Release|Any CPU.ActiveCfg = Release|Any CPU
		{86B8BD34-F967-E2B6-4378-D98B9183F9BE}.Release|Any CPU.Build.0 = Release|Any CPU
		{01C14DFE-1AB8-44F0-2FD2-0B7561B9BECA}.Debug|Any CPU.ActiveCfg = Debug|Any CPU
		{01C14DFE-1AB8-44F0-2FD2-0B7561B9BECA}.Debug|Any CPU.Build.0 = Debug|Any CPU
		{01C14DFE-1AB8-44F0-2FD2-0B7561B9BECA}.Release|Any CPU.ActiveCfg = Release|Any CPU
		{01C14DFE-1AB8-44F0-2FD2-0B7561B9BECA}.Release|Any CPU.Build.0 = Release|Any CPU
		{14371E60-9EB3-2B31-73D3-8C5A50151FAC}.Debug|Any CPU.ActiveCfg = Debug|Any CPU
		{14371E60-9EB3-2B31-73D3-8C5A50151FAC}.Debug|Any CPU.Build.0 = Debug|Any CPU
		{14371E60-9EB3-2B31-73D3-8C5A50151FAC}.Release|Any CPU.ActiveCfg = Release|Any CPU
		{14371E60-9EB3-2B31-73D3-8C5A50151FAC}.Release|Any CPU.Build.0 = Release|Any CPU
		{235301E5-862F-C95B-AB10-7925068435CE}.Debug|Any CPU.ActiveCfg = Debug|Any CPU
		{235301E5-862F-C95B-AB10-7925068435CE}.Debug|Any CPU.Build.0 = Debug|Any CPU
		{235301E5-862F-C95B-AB10-7925068435CE}.Release|Any CPU.ActiveCfg = Release|Any CPU
		{235301E5-862F-C95B-AB10-7925068435CE}.Release|Any CPU.Build.0 = Release|Any CPU
		{71B67656-7DA6-4DB4-0473-D300167B85B4}.Debug|Any CPU.ActiveCfg = Debug|Any CPU
		{71B67656-7DA6-4DB4-0473-D300167B85B4}.Debug|Any CPU.Build.0 = Debug|Any CPU
		{71B67656-7DA6-4DB4-0473-D300167B85B4}.Release|Any CPU.ActiveCfg = Release|Any CPU
		{71B67656-7DA6-4DB4-0473-D300167B85B4}.Release|Any CPU.Build.0 = Release|Any CPU
		{00420D81-E70A-816F-0086-191765177F77}.Debug|Any CPU.ActiveCfg = Debug|Any CPU
		{00420D81-E70A-816F-0086-191765177F77}.Debug|Any CPU.Build.0 = Debug|Any CPU
		{00420D81-E70A-816F-0086-191765177F77}.Release|Any CPU.ActiveCfg = Release|Any CPU
		{00420D81-E70A-816F-0086-191765177F77}.Release|Any CPU.Build.0 = Release|Any CPU
		{FC2DD07F-DC31-BA39-EC11-4C18C4C042CA}.Debug|Any CPU.ActiveCfg = Debug|Any CPU
		{FC2DD07F-DC31-BA39-EC11-4C18C4C042CA}.Debug|Any CPU.Build.0 = Debug|Any CPU
		{FC2DD07F-DC31-BA39-EC11-4C18C4C042CA}.Release|Any CPU.ActiveCfg = Release|Any CPU
		{FC2DD07F-DC31-BA39-EC11-4C18C4C042CA}.Release|Any CPU.Build.0 = Release|Any CPU
	EndGlobalSection
	GlobalSection(SolutionProperties) = preSolution
		HideSolutionNode = FALSE
	EndGlobalSection
EndGlobal
